
Microsoft Visual Studio Solution File, Format Version 12.00
# Visual Studio Version 16
VisualStudioVersion = 16.0.29613.14
MinimumVisualStudioVersion = 10.0.40219.1
Project("{9A19103F-16F7-4668-BE54-9A1E7A4F7556}") = "CoreWebApplication.SeleniumTest", "..\CoreWebApplication.SeleniumTest\CoreWebApplication.SeleniumTest.csproj", "{41106084-C1F8-4BBD-B5E8-A3260E3B86A5}"
EndProject
Project("{9A19103F-16F7-4668-BE54-9A1E7A4F7556}") = "CoreWebApplication", "CoreWebApplication.csproj", "{B242CF35-7C5F-4A08-A209-5B8DA200F340}"
EndProject
Global
	GlobalSection(SolutionConfigurationPlatforms) = preSolution
		Debug|Any CPU = Debug|Any CPU
		Release|Any CPU = Release|Any CPU
	EndGlobalSection
	GlobalSection(ProjectConfigurationPlatforms) = postSolution
		{41106084-C1F8-4BBD-B5E8-A3260E3B86A5}.Debug|Any CPU.ActiveCfg = Debug|Any CPU
		{41106084-C1F8-4BBD-B5E8-A3260E3B86A5}.Debug|Any CPU.Build.0 = Debug|Any CPU
		{41106084-C1F8-4BBD-B5E8-A3260E3B86A5}.Release|Any CPU.ActiveCfg = Release|Any CPU
		{41106084-C1F8-4BBD-B5E8-A3260E3B86A5}.Release|Any CPU.Build.0 = Release|Any CPU
		{B242CF35-7C5F-4A08-A209-5B8DA200F340}.Debug|Any CPU.ActiveCfg = Debug|Any CPU
		{B242CF35-7C5F-4A08-A209-5B8DA200F340}.Debug|Any CPU.Build.0 = Debug|Any CPU
		{B242CF35-7C5F-4A08-A209-5B8DA200F340}.Release|Any CPU.ActiveCfg = Release|Any CPU
		{B242CF35-7C5F-4A08-A209-5B8DA200F340}.Release|Any CPU.Build.0 = Release|Any CPU
	EndGlobalSection
	GlobalSection(SolutionProperties) = preSolution
		HideSolutionNode = FALSE
	EndGlobalSection
	GlobalSection(ExtensibilityGlobals) = postSolution
		SolutionGuid = {6B1239CB-E97E-4536-A7D6-73A6F3C7D610}
	EndGlobalSection
EndGlobal
